
Microsoft Visual Studio Solution File, Format Version 12.00
# Visual Studio Version 16
VisualStudioVersion = 16.0.31410.357
MinimumVisualStudioVersion = 10.0.40219.1
Project("{FAE04EC0-301F-11D3-BF4B-00C04F79EFBC}") = "WPFApp", "WPFApp\WPFApp.csproj", "{683EEAE0-E45B-4B63-AC96-660A9FBE75DB}"
EndProject
Project("{FAE04EC0-301F-11D3-BF4B-00C04F79EFBC}") = "DemoLibrary", "DemoLibrary\DemoLibrary.csproj", "{D576E3F7-3D87-4A30-A08C-1AECEF1D3364}"
EndProject
Global
	GlobalSection(SolutionConfigurationPlatforms) = preSolution
		Debug|Any CPU = Debug|Any CPU
		Release|Any CPU = Release|Any CPU
	EndGlobalSection
	GlobalSection(ProjectConfigurationPlatforms) = postSolution
		{683EEAE0-E45B-4B63-AC96-660A9FBE75DB}.Debug|Any CPU.ActiveCfg = Debug|Any CPU
		{683EEAE0-E45B-4B63-AC96-660A9FBE75DB}.Debug|Any CPU.Build.0 = Debug|Any CPU
		{683EEAE0-E45B-4B63-AC96-660A9FBE75DB}.Release|Any CPU.ActiveCfg = Release|Any CPU
		{683EEAE0-E45B-4B63-AC96-660A9FBE75DB}.Release|Any CPU.Build.0 = Release|Any CPU
		{D576E3F7-3D87-4A30-A08C-1AECEF1D3364}.Debug|Any CPU.ActiveCfg = Debug|Any CPU
		{D576E3F7-3D87-4A30-A08C-1AECEF1D3364}.Debug|Any CPU.Build.0 = Debug|Any CPU
		{D576E3F7-3D87-4A30-A08C-1AECEF1D3364}.Release|Any CPU.ActiveCfg = Release|Any CPU
		{D576E3F7-3D87-4A30-A08C-1AECEF1D3364}.Release|Any CPU.Build.0 = Release|Any CPU
	EndGlobalSection
	GlobalSection(SolutionProperties) = preSolution
		HideSolutionNode = FALSE
	EndGlobalSection
	GlobalSection(ExtensibilityGlobals) = postSolution
		SolutionGuid = {0F687C6D-07D8-4154-92E9-EA63337AC584}
	EndGlobalSection
EndGlobal
